
Microsoft Visual Studio Solution File, Format Version 10.00
# Visual Studio 2008
Project("{FAE04EC0-301F-11D3-BF4B-00C04F79EFBC}") = "House", "House\House.csproj", "{68BB162C-862A-43A7-BDD9-AA2C4A334AE8}"
EndProject
Project("{FAE04EC0-301F-11D3-BF4B-00C04F79EFBC}") = "HouseForms", "HouseForms\HouseForms.csproj", "{AC5ED9EA-8198-4160-996F-CE16AEC03249}"
EndProject
Project("{FAE04EC0-301F-11D3-BF4B-00C04F79EFBC}") = "HouseCore", "HouseFunctions\HouseCore.csproj", "{300F02C3-4989-4F9A-ACBB-EC07EF031228}"
EndProject
Project("{FAE04EC0-301F-11D3-BF4B-00C04F79EFBC}") = "UnitTests", "UnitTests\UnitTests.csproj", "{F9A94E55-3B09-4D7A-9A20-C82E085BD1D4}"
EndProject
Global
	GlobalSection(SolutionConfigurationPlatforms) = preSolution
		Debug|Any CPU = Debug|Any CPU
		Release|Any CPU = Release|Any CPU
	EndGlobalSection
	GlobalSection(ProjectConfigurationPlatforms) = postSolution
		{68BB162C-862A-43A7-BDD9-AA2C4A334AE8}.Debug|Any CPU.ActiveCfg = Debug|Any CPU
		{68BB162C-862A-43A7-BDD9-AA2C4A334AE8}.Debug|Any CPU.Build.0 = Debug|Any CPU
		{68BB162C-862A-43A7-BDD9-AA2C4A334AE8}.Release|Any CPU.ActiveCfg = Release|Any CPU
		{68BB162C-862A-43A7-BDD9-AA2C4A334AE8}.Release|Any CPU.Build.0 = Release|Any CPU
		{AC5ED9EA-8198-4160-996F-CE16AEC03249}.Debug|Any CPU.ActiveCfg = Debug|Any CPU
		{AC5ED9EA-8198-4160-996F-CE16AEC03249}.Debug|Any CPU.Build.0 = Debug|Any CPU
		{AC5ED9EA-8198-4160-996F-CE16AEC03249}.Release|Any CPU.ActiveCfg = Release|Any CPU
		{AC5ED9EA-8198-4160-996F-CE16AEC03249}.Release|Any CPU.Build.0 = Release|Any CPU
		{300F02C3-4989-4F9A-ACBB-EC07EF031228}.Debug|Any CPU.ActiveCfg = Debug|Any CPU
		{300F02C3-4989-4F9A-ACBB-EC07EF031228}.Debug|Any CPU.Build.0 = Debug|Any CPU
		{300F02C3-4989-4F9A-ACBB-EC07EF031228}.Release|Any CPU.ActiveCfg = Release|Any CPU
		{300F02C3-4989-4F9A-ACBB-EC07EF031228}.Release|Any CPU.Build.0 = Release|Any CPU
		{F9A94E55-3B09-4D7A-9A20-C82E085BD1D4}.Debug|Any CPU.ActiveCfg = Debug|Any CPU
		{F9A94E55-3B09-4D7A-9A20-C82E085BD1D4}.Debug|Any CPU.Build.0 = Debug|Any CPU
		{F9A94E55-3B09-4D7A-9A20-C82E085BD1D4}.Release|Any CPU.ActiveCfg = Release|Any CPU
		{F9A94E55-3B09-4D7A-9A20-C82E085BD1D4}.Release|Any CPU.Build.0 = Release|Any CPU
	EndGlobalSection
	GlobalSection(SolutionProperties) = preSolution
		HideSolutionNode = FALSE
	EndGlobalSection
EndGlobal
